
Microsoft Visual Studio Solution File, Format Version 12.00
# Visual Studio Version 16
VisualStudioVersion = 16.0.30309.148
MinimumVisualStudioVersion = 10.0.40219.1
Project("{FAE04EC0-301F-11D3-BF4B-00C04F79EFBC}") = "Notes.Android", "Notes\Notes.Android\Notes.Android.csproj", "{B228CE02-2EFE-4F8C-A757-50C2F49ED6E7}"
EndProject
Project("{FAE04EC0-301F-11D3-BF4B-00C04F79EFBC}") = "Notes.iOS", "Notes\Notes.iOS\Notes.iOS.csproj", "{EC474F50-47C9-4BF8-8FB2-124238CC59EB}"
EndProject
Project("{FAE04EC0-301F-11D3-BF4B-00C04F79EFBC}") = "Notes", "Notes\Notes\Notes.csproj", "{97FBD702-914E-4C2A-ADB1-379918BD3297}"
EndProject
Global
	GlobalSection(SolutionConfigurationPlatforms) = preSolution
		Debug|Any CPU = Debug|Any CPU
		Debug|iPhone = Debug|iPhone
		Debug|iPhoneSimulator = Debug|iPhoneSimulator
		Release|Any CPU = Release|Any CPU
		Release|iPhone = Release|iPhone
		Release|iPhoneSimulator = Release|iPhoneSimulator
	EndGlobalSection
	GlobalSection(ProjectConfigurationPlatforms) = postSolution
		{B228CE02-2EFE-4F8C-A757-50C2F49ED6E7}.Debug|Any CPU.ActiveCfg = Debug|Any CPU
		{B228CE02-2EFE-4F8C-A757-50C2F49ED6E7}.Debug|Any CPU.Build.0 = Debug|Any CPU
		{B228CE02-2EFE-4F8C-A757-50C2F49ED6E7}.Debug|Any CPU.Deploy.0 = Debug|Any CPU
		{B228CE02-2EFE-4F8C-A757-50C2F49ED6E7}.Debug|iPhone.ActiveCfg = Debug|Any CPU
		{B228CE02-2EFE-4F8C-A757-50C2F49ED6E7}.Debug|iPhone.Build.0 = Debug|Any CPU
		{B228CE02-2EFE-4F8C-A757-50C2F49ED6E7}.Debug|iPhone.Deploy.0 = Debug|Any CPU
		{B228CE02-2EFE-4F8C-A757-50C2F49ED6E7}.Debug|iPhoneSimulator.ActiveCfg = Debug|Any CPU
		{B228CE02-2EFE-4F8C-A757-50C2F49ED6E7}.Debug|iPhoneSimulator.Build.0 = Debug|Any CPU
		{B228CE02-2EFE-4F8C-A757-50C2F49ED6E7}.Debug|iPhoneSimulator.Deploy.0 = Debug|Any CPU
		{B228CE02-2EFE-4F8C-A757-50C2F49ED6E7}.Release|Any CPU.ActiveCfg = Release|Any CPU
		{B228CE02-2EFE-4F8C-A757-50C2F49ED6E7}.Release|Any CPU.Build.0 = Release|Any CPU
		{B228CE02-2EFE-4F8C-A757-50C2F49ED6E7}.Release|Any CPU.Deploy.0 = Release|Any CPU
		{B228CE02-2EFE-4F8C-A757-50C2F49ED6E7}.Release|iPhone.ActiveCfg = Release|Any CPU
		{B228CE02-2EFE-4F8C-A757-50C2F49ED6E7}.Release|iPhone.Build.0 = Release|Any CPU
		{B228CE02-2EFE-4F8C-A757-50C2F49ED6E7}.Release|iPhone.Deploy.0 = Release|Any CPU
		{B228CE02-2EFE-4F8C-A757-50C2F49ED6E7}.Release|iPhoneSimulator.ActiveCfg = Release|Any CPU
		{B228CE02-2EFE-4F8C-A757-50C2F49ED6E7}.Release|iPhoneSimulator.Build.0 = Release|Any CPU
		{B228CE02-2EFE-4F8C-A757-50C2F49ED6E7}.Release|iPhoneSimulator.Deploy.0 = Release|Any CPU
		{EC474F50-47C9-4BF8-8FB2-124238CC59EB}.Debug|Any CPU.ActiveCfg = Debug|iPhone
		{EC474F50-47C9-4BF8-8FB2-124238CC59EB}.Debug|Any CPU.Build.0 = Debug|iPhone
		{EC474F50-47C9-4BF8-8FB2-124238CC59EB}.Debug|Any CPU.Deploy.0 = Debug|iPhone
		{EC474F50-47C9-4BF8-8FB2-124238CC59EB}.Debug|iPhone.ActiveCfg = Debug|iPhone
		{EC474F50-47C9-4BF8-8FB2-124238CC59EB}.Debug|iPhone.Build.0 = Debug|iPhone
		{EC474F50-47C9-4BF8-8FB2-124238CC59EB}.Debug|iPhone.Deploy.0 = Debug|iPhone
		{EC474F50-47C9-4BF8-8FB2-124238CC59EB}.Debug|iPhoneSimulator.ActiveCfg = Debug|iPhoneSimulator
		{EC474F50-47C9-4BF8-8FB2-124238CC59EB}.Debug|iPhoneSimulator.Build.0 = Debug|iPhoneSimulator
		{EC474F50-47C9-4BF8-8FB2-124238CC59EB}.Debug|iPhoneSimulator.Deploy.0 = Debug|iPhoneSimulator
		{EC474F50-47C9-4BF8-8FB2-124238CC59EB}.Release|Any CPU.ActiveCfg = Release|iPhone
		{EC474F50-47C9-4BF8-8FB2-124238CC59EB}.Release|Any CPU.Build.0 = Release|iPhone
		{EC474F50-47C9-4BF8-8FB2-124238CC59EB}.Release|Any CPU.Deploy.0 = Release|iPhone
		{EC474F50-47C9-4BF8-8FB2-124238CC59EB}.Release|iPhone.ActiveCfg = Release|iPhone
		{EC474F50-47C9-4BF8-8FB2-124238CC59EB}.Release|iPhone.Build.0 = Release|iPhone
		{EC474F50-47C9-4BF8-8FB2-124238CC59EB}.Release|iPhone.Deploy.0 = Release|iPhone
		{EC474F50-47C9-4BF8-8FB2-124238CC59EB}.Release|iPhoneSimulator.ActiveCfg = Release|iPhoneSimulator
		{EC474F50-47C9-4BF8-8FB2-124238CC59EB}.Release|iPhoneSimulator.Build.0 = Release|iPhoneSimulator
		{EC474F50-47C9-4BF8-8FB2-124238CC59EB}.Release|iPhoneSimulator.Deploy.0 = Release|iPhoneSimulator
		{97FBD702-914E-4C2A-ADB1-379918BD3297}.Debug|Any CPU.ActiveCfg = Debug|Any CPU
		{97FBD702-914E-4C2A-ADB1-379918BD3297}.Debug|Any CPU.Build.0 = Debug|Any CPU
		{97FBD702-914E-4C2A-ADB1-379918BD3297}.Debug|Any CPU.Deploy.0 = Debug|Any CPU
		{97FBD702-914E-4C2A-ADB1-379918BD3297}.Debug|iPhone.ActiveCfg = Debug|Any CPU
		{97FBD702-914E-4C2A-ADB1-379918BD3297}.Debug|iPhone.Build.0 = Debug|Any CPU
		{97FBD702-914E-4C2A-ADB1-379918BD3297}.Debug|iPhone.Deploy.0 = Debug|Any CPU
		{97FBD702-914E-4C2A-ADB1-379918BD3297}.Debug|iPhoneSimulator.ActiveCfg = Debug|Any CPU
		{97FBD702-914E-4C2A-ADB1-379918BD3297}.Debug|iPhoneSimulator.Build.0 = Debug|Any CPU
		{97FBD702-914E-4C2A-ADB1-379918BD3297}.Debug|iPhoneSimulator.Deploy.0 = Debug|Any CPU
		{97FBD702-914E-4C2A-ADB1-379918BD3297}.Release|Any CPU.ActiveCfg = Release|Any CPU
		{97FBD702-914E-4C2A-ADB1-379918BD3297}.Release|Any CPU.Build.0 = Release|Any CPU
		{97FBD702-914E-4C2A-ADB1-379918BD3297}.Release|Any CPU.Deploy.0 = Release|Any CPU
		{97FBD702-914E-4C2A-ADB1-379918BD3297}.Release|iPhone.ActiveCfg = Release|Any CPU
		{97FBD702-914E-4C2A-ADB1-379918BD3297}.Release|iPhone.Build.0 = Release|Any CPU
		{97FBD702-914E-4C2A-ADB1-379918BD3297}.Release|iPhone.Deploy.0 = Release|Any CPU
		{97FBD702-914E-4C2A-ADB1-379918BD3297}.Release|iPhoneSimulator.ActiveCfg = Release|Any CPU
		{97FBD702-914E-4C2A-ADB1-379918BD3297}.Release|iPhoneSimulator.Build.0 = Release|Any CPU
		{97FBD702-914E-4C2A-ADB1-379918BD3297}.Release|iPhoneSimulator.Deploy.0 = Release|Any CPU
	EndGlobalSection
	GlobalSection(SolutionProperties) = preSolution
		HideSolutionNode = FALSE
	EndGlobalSection
	GlobalSection(ExtensibilityGlobals) = postSolution
		SolutionGuid = {889A5E1A-0F31-481D-A6D7-6B22AB310EC9}
	EndGlobalSection
EndGlobal
